// !$*UTF8*$!
{
	archiveVersion = 1;
	classes = {
	};
	objectVersion = 56;
	objects = {

/* Begin PBXBuildFile section */
		AA25AB082BC6DE2600DD454A /* AppDelegate.swift in Sources */ = {isa = PBXBuildFile; fileRef = AA25AB072BC6DE2600DD454A /* AppDelegate.swift */; };
		AA25AB0A2BC6DE2600DD454A /* SceneDelegate.swift in Sources */ = {isa = PBXBuildFile; fileRef = AA25AB092BC6DE2600DD454A /* SceneDelegate.swift */; };
		AA25AB0C2BC6DE2600DD454A /* CategoryListViewController.swift in Sources */ = {isa = PBXBuildFile; fileRef = AA25AB0B2BC6DE2600DD454A /* CategoryListViewController.swift */; };
		AA25AB0F2BC6DE2600DD454A /* Main.storyboard in Resources */ = {isa = PBXBuildFile; fileRef = AA25AB0D2BC6DE2600DD454A /* Main.storyboard */; };
		AA25AB112BC6DE2800DD454A /* Assets.xcassets in Resources */ = {isa = PBXBuildFile; fileRef = AA25AB102BC6DE2800DD454A /* Assets.xcassets */; };
		AA25AB142BC6DE2800DD454A /* LaunchScreen.storyboard in Resources */ = {isa = PBXBuildFile; fileRef = AA25AB122BC6DE2800DD454A /* LaunchScreen.storyboard */; };
		AA25AB1F2BC6DE2800DD454A /* Fake_StoreTests.swift in Sources */ = {isa = PBXBuildFile; fileRef = AA25AB1E2BC6DE2800DD454A /* Fake_StoreTests.swift */; };
		AA25AB292BC6DE2800DD454A /* Fake_StoreUITests.swift in Sources */ = {isa = PBXBuildFile; fileRef = AA25AB282BC6DE2800DD454A /* Fake_StoreUITests.swift */; };
		AA25AB2B2BC6DE2800DD454A /* Fake_StoreUITestsLaunchTests.swift in Sources */ = {isa = PBXBuildFile; fileRef = AA25AB2A2BC6DE2800DD454A /* Fake_StoreUITestsLaunchTests.swift */; };
		AA25AB3D2BC710E500DD454A /* ProductService.swift in Sources */ = {isa = PBXBuildFile; fileRef = AA25AB3C2BC710E500DD454A /* ProductService.swift */; };
		AA25AB402BC712B300DD454A /* Reachability.swift in Sources */ = {isa = PBXBuildFile; fileRef = AA25AB3F2BC712B300DD454A /* Reachability.swift */; };
		AA25AB422BC7130100DD454A /* ProductModels.swift in Sources */ = {isa = PBXBuildFile; fileRef = AA25AB412BC7130100DD454A /* ProductModels.swift */; };
		AA25AB442BC7158D00DD454A /* CustomError.swift in Sources */ = {isa = PBXBuildFile; fileRef = AA25AB432BC7158D00DD454A /* CustomError.swift */; };
		AA25AB472BC71BB100DD454A /* CategoryListViewModel.swift in Sources */ = {isa = PBXBuildFile; fileRef = AA25AB462BC71BB100DD454A /* CategoryListViewModel.swift */; };
		AA25AB492BC723C800DD454A /* ProductListViewModel.swift in Sources */ = {isa = PBXBuildFile; fileRef = AA25AB482BC723C800DD454A /* ProductListViewModel.swift */; };
		AA25AB4E2BC72B6200DD454A /* ProductViewModel.swift in Sources */ = {isa = PBXBuildFile; fileRef = AA25AB4D2BC72B6200DD454A /* ProductViewModel.swift */; };
		AA25AB512BC72BF500DD454A /* Double.swift in Sources */ = {isa = PBXBuildFile; fileRef = AA25AB502BC72BF500DD454A /* Double.swift */; };
		AA25AB532BC7327F00DD454A /* String.swift in Sources */ = {isa = PBXBuildFile; fileRef = AA25AB522BC7327F00DD454A /* String.swift */; };
		AA25AB552BC7361200DD454A /* ProductListViewController.swift in Sources */ = {isa = PBXBuildFile; fileRef = AA25AB542BC7361200DD454A /* ProductListViewController.swift */; };
		AA25AB592BC73D9700DD454A /* ProductListTableViewCell.swift in Sources */ = {isa = PBXBuildFile; fileRef = AA25AB572BC73D9700DD454A /* ProductListTableViewCell.swift */; };
		AA25AB5A2BC73D9700DD454A /* ProductListTableViewCell.xib in Resources */ = {isa = PBXBuildFile; fileRef = AA25AB582BC73D9700DD454A /* ProductListTableViewCell.xib */; };
		AA25AB5D2BC73F5F00DD454A /* Kingfisher in Frameworks */ = {isa = PBXBuildFile; productRef = AA25AB5C2BC73F5F00DD454A /* Kingfisher */; };
		AAADA4562BC7A4F4004A2AE0 /* DetailProductTableViewController.swift in Sources */ = {isa = PBXBuildFile; fileRef = AAADA4552BC7A4F4004A2AE0 /* DetailProductTableViewController.swift */; };
		AAADA4582BC7A65D004A2AE0 /* Constants.swift in Sources */ = {isa = PBXBuildFile; fileRef = AAADA4572BC7A65D004A2AE0 /* Constants.swift */; };
		AAADA45B2BC7AAAB004A2AE0 /* BasicTableViewCell.swift in Sources */ = {isa = PBXBuildFile; fileRef = AAADA45A2BC7AAAB004A2AE0 /* BasicTableViewCell.swift */; };
		AAADA45D2BC7BBF4004A2AE0 /* UserDefault.swift in Sources */ = {isa = PBXBuildFile; fileRef = AAADA45C2BC7BBF4004A2AE0 /* UserDefault.swift */; };
		AAADA45F2BC7C283004A2AE0 /* UIViewController.swift in Sources */ = {isa = PBXBuildFile; fileRef = AAADA45E2BC7C283004A2AE0 /* UIViewController.swift */; };
		AAD293512BC79A9E000090FE /* ImageTableViewCell.swift in Sources */ = {isa = PBXBuildFile; fileRef = AAD2934F2BC79A9E000090FE /* ImageTableViewCell.swift */; };
		AAD293522BC79A9E000090FE /* ImageTableViewCell.xib in Resources */ = {isa = PBXBuildFile; fileRef = AAD293502BC79A9E000090FE /* ImageTableViewCell.xib */; };
/* End PBXBuildFile section */

/* Begin PBXContainerItemProxy section */
		AA25AB1B2BC6DE2800DD454A /* PBXContainerItemProxy */ = {
			isa = PBXContainerItemProxy;
			containerPortal = AA25AAFC2BC6DE2600DD454A /* Project object */;
			proxyType = 1;
			remoteGlobalIDString = AA25AB032BC6DE2600DD454A;
			remoteInfo = "Fake Store";
		};
		AA25AB252BC6DE2800DD454A /* PBXContainerItemProxy */ = {
			isa = PBXContainerItemProxy;
			containerPortal = AA25AAFC2BC6DE2600DD454A /* Project object */;
			proxyType = 1;
			remoteGlobalIDString = AA25AB032BC6DE2600DD454A;
			remoteInfo = "Fake Store";
		};
/* End PBXContainerItemProxy section */

/* Begin PBXFileReference section */
		AA25AB042BC6DE2600DD454A /* Fake Store.app */ = {isa = PBXFileReference; explicitFileType = wrapper.application; includeInIndex = 0; path = "Fake Store.app"; sourceTree = BUILT_PRODUCTS_DIR; };
		AA25AB072BC6DE2600DD454A /* AppDelegate.swift */ = {isa = PBXFileReference; lastKnownFileType = sourcecode.swift; path = AppDelegate.swift; sourceTree = "<group>"; };
		AA25AB092BC6DE2600DD454A /* SceneDelegate.swift */ = {isa = PBXFileReference; lastKnownFileType = sourcecode.swift; path = SceneDelegate.swift; sourceTree = "<group>"; };
		AA25AB0B2BC6DE2600DD454A /* CategoryListViewController.swift */ = {isa = PBXFileReference; lastKnownFileType = sourcecode.swift; path = CategoryListViewController.swift; sourceTree = "<group>"; };
		AA25AB0E2BC6DE2600DD454A /* Base */ = {isa = PBXFileReference; lastKnownFileType = file.storyboard; name = Base; path = Base.lproj/Main.storyboard; sourceTree = "<group>"; };
		AA25AB102BC6DE2800DD454A /* Assets.xcassets */ = {isa = PBXFileReference; lastKnownFileType = folder.assetcatalog; path = Assets.xcassets; sourceTree = "<group>"; };
		AA25AB132BC6DE2800DD454A /* Base */ = {isa = PBXFileReference; lastKnownFileType = file.storyboard; name = Base; path = Base.lproj/LaunchScreen.storyboard; sourceTree = "<group>"; };
		AA25AB152BC6DE2800DD454A /* Info.plist */ = {isa = PBXFileReference; lastKnownFileType = text.plist.xml; path = Info.plist; sourceTree = "<group>"; };
		AA25AB1A2BC6DE2800DD454A /* Fake StoreTests.xctest */ = {isa = PBXFileReference; explicitFileType = wrapper.cfbundle; includeInIndex = 0; path = "Fake StoreTests.xctest"; sourceTree = BUILT_PRODUCTS_DIR; };
		AA25AB1E2BC6DE2800DD454A /* Fake_StoreTests.swift */ = {isa = PBXFileReference; lastKnownFileType = sourcecode.swift; path = Fake_StoreTests.swift; sourceTree = "<group>"; };
		AA25AB242BC6DE2800DD454A /* Fake StoreUITests.xctest */ = {isa = PBXFileReference; explicitFileType = wrapper.cfbundle; includeInIndex = 0; path = "Fake StoreUITests.xctest"; sourceTree = BUILT_PRODUCTS_DIR; };
		AA25AB282BC6DE2800DD454A /* Fake_StoreUITests.swift */ = {isa = PBXFileReference; lastKnownFileType = sourcecode.swift; path = Fake_StoreUITests.swift; sourceTree = "<group>"; };
		AA25AB2A2BC6DE2800DD454A /* Fake_StoreUITestsLaunchTests.swift */ = {isa = PBXFileReference; lastKnownFileType = sourcecode.swift; path = Fake_StoreUITestsLaunchTests.swift; sourceTree = "<group>"; };
		AA25AB3C2BC710E500DD454A /* ProductService.swift */ = {isa = PBXFileReference; lastKnownFileType = sourcecode.swift; path = ProductService.swift; sourceTree = "<group>"; };
		AA25AB3F2BC712B300DD454A /* Reachability.swift */ = {isa = PBXFileReference; lastKnownFileType = sourcecode.swift; path = Reachability.swift; sourceTree = "<group>"; };
		AA25AB412BC7130100DD454A /* ProductModels.swift */ = {isa = PBXFileReference; lastKnownFileType = sourcecode.swift; path = ProductModels.swift; sourceTree = "<group>"; };
		AA25AB432BC7158D00DD454A /* CustomError.swift */ = {isa = PBXFileReference; lastKnownFileType = sourcecode.swift; path = CustomError.swift; sourceTree = "<group>"; };
		AA25AB462BC71BB100DD454A /* CategoryListViewModel.swift */ = {isa = PBXFileReference; lastKnownFileType = sourcecode.swift; path = CategoryListViewModel.swift; sourceTree = "<group>"; };
		AA25AB482BC723C800DD454A /* ProductListViewModel.swift */ = {isa = PBXFileReference; lastKnownFileType = sourcecode.swift; path = ProductListViewModel.swift; sourceTree = "<group>"; };
		AA25AB4D2BC72B6200DD454A /* ProductViewModel.swift */ = {isa = PBXFileReference; lastKnownFileType = sourcecode.swift; path = ProductViewModel.swift; sourceTree = "<group>"; };
		AA25AB502BC72BF500DD454A /* Double.swift */ = {isa = PBXFileReference; lastKnownFileType = sourcecode.swift; path = Double.swift; sourceTree = "<group>"; };
		AA25AB522BC7327F00DD454A /* String.swift */ = {isa = PBXFileReference; lastKnownFileType = sourcecode.swift; path = String.swift; sourceTree = "<group>"; };
		AA25AB542BC7361200DD454A /* ProductListViewController.swift */ = {isa = PBXFileReference; lastKnownFileType = sourcecode.swift; path = ProductListViewController.swift; sourceTree = "<group>"; };
		AA25AB572BC73D9700DD454A /* ProductListTableViewCell.swift */ = {isa = PBXFileReference; lastKnownFileType = sourcecode.swift; path = ProductListTableViewCell.swift; sourceTree = "<group>"; };
		AA25AB582BC73D9700DD454A /* ProductListTableViewCell.xib */ = {isa = PBXFileReference; lastKnownFileType = file.xib; path = ProductListTableViewCell.xib; sourceTree = "<group>"; };
		AAADA4552BC7A4F4004A2AE0 /* DetailProductTableViewController.swift */ = {isa = PBXFileReference; lastKnownFileType = sourcecode.swift; path = DetailProductTableViewController.swift; sourceTree = "<group>"; };
		AAADA4572BC7A65D004A2AE0 /* Constants.swift */ = {isa = PBXFileReference; lastKnownFileType = sourcecode.swift; path = Constants.swift; sourceTree = "<group>"; };
		AAADA45A2BC7AAAB004A2AE0 /* BasicTableViewCell.swift */ = {isa = PBXFileReference; lastKnownFileType = sourcecode.swift; path = BasicTableViewCell.swift; sourceTree = "<group>"; };
		AAADA45C2BC7BBF4004A2AE0 /* UserDefault.swift */ = {isa = PBXFileReference; lastKnownFileType = sourcecode.swift; path = UserDefault.swift; sourceTree = "<group>"; };
		AAADA45E2BC7C283004A2AE0 /* UIViewController.swift */ = {isa = PBXFileReference; lastKnownFileType = sourcecode.swift; path = UIViewController.swift; sourceTree = "<group>"; };
		AAD2934F2BC79A9E000090FE /* ImageTableViewCell.swift */ = {isa = PBXFileReference; lastKnownFileType = sourcecode.swift; path = ImageTableViewCell.swift; sourceTree = "<group>"; };
		AAD293502BC79A9E000090FE /* ImageTableViewCell.xib */ = {isa = PBXFileReference; lastKnownFileType = file.xib; path = ImageTableViewCell.xib; sourceTree = "<group>"; };
/* End PBXFileReference section */

/* Begin PBXFrameworksBuildPhase section */
		AA25AB012BC6DE2600DD454A /* Frameworks */ = {
			isa = PBXFrameworksBuildPhase;
			buildActionMask = 2147483647;
			files = (
				AA25AB5D2BC73F5F00DD454A /* Kingfisher in Frameworks */,
			);
			runOnlyForDeploymentPostprocessing = 0;
		};
		AA25AB172BC6DE2800DD454A /* Frameworks */ = {
			isa = PBXFrameworksBuildPhase;
			buildActionMask = 2147483647;
			files = (
			);
			runOnlyForDeploymentPostprocessing = 0;
		};
		AA25AB212BC6DE2800DD454A /* Frameworks */ = {
			isa = PBXFrameworksBuildPhase;
			buildActionMask = 2147483647;
			files = (
			);
			runOnlyForDeploymentPostprocessing = 0;
		};
/* End PBXFrameworksBuildPhase section */

/* Begin PBXGroup section */
		AA25AAFB2BC6DE2600DD454A = {
			isa = PBXGroup;
			children = (
				AA25AB062BC6DE2600DD454A /* Fake Store */,
				AA25AB1D2BC6DE2800DD454A /* Fake StoreTests */,
				AA25AB272BC6DE2800DD454A /* Fake StoreUITests */,
				AA25AB052BC6DE2600DD454A /* Products */,
			);
			sourceTree = "<group>";
		};
		AA25AB052BC6DE2600DD454A /* Products */ = {
			isa = PBXGroup;
			children = (
				AA25AB042BC6DE2600DD454A /* Fake Store.app */,
				AA25AB1A2BC6DE2800DD454A /* Fake StoreTests.xctest */,
				AA25AB242BC6DE2800DD454A /* Fake StoreUITests.xctest */,
			);
			name = Products;
			sourceTree = "<group>";
		};
		AA25AB062BC6DE2600DD454A /* Fake Store */ = {
			isa = PBXGroup;
			children = (
				AA25AB3E2BC7129B00DD454A /* Utils */,
				AA25AB3B2BC6FA9300DD454A /* Commons */,
				AA25AB3A2BC6FA7D00DD454A /* Services */,
				AA25AB372BC6F7AA00DD454A /* Models */,
				AA25AB392BC6F7B500DD454A /* ViewModels */,
				AA25AB382BC6F7AF00DD454A /* View */,
				AA25AB102BC6DE2800DD454A /* Assets.xcassets */,
				AA25AB122BC6DE2800DD454A /* LaunchScreen.storyboard */,
				AA25AB152BC6DE2800DD454A /* Info.plist */,
			);
			path = "Fake Store";
			sourceTree = "<group>";
		};
		AA25AB1D2BC6DE2800DD454A /* Fake StoreTests */ = {
			isa = PBXGroup;
			children = (
				AA25AB1E2BC6DE2800DD454A /* Fake_StoreTests.swift */,
			);
			path = "Fake StoreTests";
			sourceTree = "<group>";
		};
		AA25AB272BC6DE2800DD454A /* Fake StoreUITests */ = {
			isa = PBXGroup;
			children = (
				AA25AB282BC6DE2800DD454A /* Fake_StoreUITests.swift */,
				AA25AB2A2BC6DE2800DD454A /* Fake_StoreUITestsLaunchTests.swift */,
			);
			path = "Fake StoreUITests";
			sourceTree = "<group>";
		};
		AA25AB372BC6F7AA00DD454A /* Models */ = {
			isa = PBXGroup;
			children = (
				AA25AB412BC7130100DD454A /* ProductModels.swift */,
			);
			path = Models;
			sourceTree = "<group>";
		};
		AA25AB382BC6F7AF00DD454A /* View */ = {
			isa = PBXGroup;
			children = (
				AA25AB0D2BC6DE2600DD454A /* Main.storyboard */,
				AA25AB562BC73C9700DD454A /* Cells */,
				AA25AB0B2BC6DE2600DD454A /* CategoryListViewController.swift */,
				AA25AB542BC7361200DD454A /* ProductListViewController.swift */,
				AAADA4552BC7A4F4004A2AE0 /* DetailProductTableViewController.swift */,
			);
			path = View;
			sourceTree = "<group>";
		};
		AA25AB392BC6F7B500DD454A /* ViewModels */ = {
			isa = PBXGroup;
			children = (
				AA25AB462BC71BB100DD454A /* CategoryListViewModel.swift */,
				AA25AB482BC723C800DD454A /* ProductListViewModel.swift */,
				AA25AB4D2BC72B6200DD454A /* ProductViewModel.swift */,
			);
			path = ViewModels;
			sourceTree = "<group>";
		};
		AA25AB3A2BC6FA7D00DD454A /* Services */ = {
			isa = PBXGroup;
			children = (
				AA25AB3C2BC710E500DD454A /* ProductService.swift */,
			);
			path = Services;
			sourceTree = "<group>";
		};
		AA25AB3B2BC6FA9300DD454A /* Commons */ = {
			isa = PBXGroup;
			children = (
				AA25AB072BC6DE2600DD454A /* AppDelegate.swift */,
				AA25AB092BC6DE2600DD454A /* SceneDelegate.swift */,
			);
			path = Commons;
			sourceTree = "<group>";
		};
		AA25AB3E2BC7129B00DD454A /* Utils */ = {
			isa = PBXGroup;
			children = (
				AA25AB4F2BC72BDA00DD454A /* Extensions */,
				AA25AB432BC7158D00DD454A /* CustomError.swift */,
				AA25AB3F2BC712B300DD454A /* Reachability.swift */,
				AAADA4572BC7A65D004A2AE0 /* Constants.swift */,
				AAADA45C2BC7BBF4004A2AE0 /* UserDefault.swift */,
			);
			path = Utils;
			sourceTree = "<group>";
		};
		AA25AB4F2BC72BDA00DD454A /* Extensions */ = {
			isa = PBXGroup;
			children = (
				AA25AB502BC72BF500DD454A /* Double.swift */,
				AA25AB522BC7327F00DD454A /* String.swift */,
				AAADA45E2BC7C283004A2AE0 /* UIViewController.swift */,
			);
			path = Extensions;
			sourceTree = "<group>";
		};
		AA25AB562BC73C9700DD454A /* Cells */ = {
			isa = PBXGroup;
			children = (
				AAADA4592BC7AA8C004A2AE0 /* Basics */,
				AAD2934E2BC79A80000090FE /* Detail */,
				AA25AB572BC73D9700DD454A /* ProductListTableViewCell.swift */,
				AA25AB582BC73D9700DD454A /* ProductListTableViewCell.xib */,
			);
			path = Cells;
			sourceTree = "<group>";
		};
		AAADA4592BC7AA8C004A2AE0 /* Basics */ = {
			isa = PBXGroup;
			children = (
				AAADA45A2BC7AAAB004A2AE0 /* BasicTableViewCell.swift */,
			);
			path = Basics;
			sourceTree = "<group>";
		};
		AAD2934E2BC79A80000090FE /* Detail */ = {
			isa = PBXGroup;
			children = (
				AAD2934F2BC79A9E000090FE /* ImageTableViewCell.swift */,
				AAD293502BC79A9E000090FE /* ImageTableViewCell.xib */,
			);
			path = Detail;
			sourceTree = "<group>";
		};
/* End PBXGroup section */

/* Begin PBXNativeTarget section */
		AA25AB032BC6DE2600DD454A /* Fake Store */ = {
			isa = PBXNativeTarget;
			buildConfigurationList = AA25AB2E2BC6DE2800DD454A /* Build configuration list for PBXNativeTarget "Fake Store" */;
			buildPhases = (
				AA25AB002BC6DE2600DD454A /* Sources */,
				AA25AB012BC6DE2600DD454A /* Frameworks */,
				AA25AB022BC6DE2600DD454A /* Resources */,
			);
			buildRules = (
			);
			dependencies = (
			);
			name = "Fake Store";
			packageProductDependencies = (
				AA25AB5C2BC73F5F00DD454A /* Kingfisher */,
			);
			productName = "Fake Store";
			productReference = AA25AB042BC6DE2600DD454A /* Fake Store.app */;
			productType = "com.apple.product-type.application";
		};
		AA25AB192BC6DE2800DD454A /* Fake StoreTests */ = {
			isa = PBXNativeTarget;
			buildConfigurationList = AA25AB312BC6DE2800DD454A /* Build configuration list for PBXNativeTarget "Fake StoreTests" */;
			buildPhases = (
				AA25AB162BC6DE2800DD454A /* Sources */,
				AA25AB172BC6DE2800DD454A /* Frameworks */,
				AA25AB182BC6DE2800DD454A /* Resources */,
			);
			buildRules = (
			);
			dependencies = (
				AA25AB1C2BC6DE2800DD454A /* PBXTargetDependency */,
			);
			name = "Fake StoreTests";
			productName = "Fake StoreTests";
			productReference = AA25AB1A2BC6DE2800DD454A /* Fake StoreTests.xctest */;
			productType = "com.apple.product-type.bundle.unit-test";
		};
		AA25AB232BC6DE2800DD454A /* Fake StoreUITests */ = {
			isa = PBXNativeTarget;
			buildConfigurationList = AA25AB342BC6DE2800DD454A /* Build configuration list for PBXNativeTarget "Fake StoreUITests" */;
			buildPhases = (
				AA25AB202BC6DE2800DD454A /* Sources */,
				AA25AB212BC6DE2800DD454A /* Frameworks */,
				AA25AB222BC6DE2800DD454A /* Resources */,
			);
			buildRules = (
			);
			dependencies = (
				AA25AB262BC6DE2800DD454A /* PBXTargetDependency */,
			);
			name = "Fake StoreUITests";
			productName = "Fake StoreUITests";
			productReference = AA25AB242BC6DE2800DD454A /* Fake StoreUITests.xctest */;
			productType = "com.apple.product-type.bundle.ui-testing";
		};
/* End PBXNativeTarget section */

/* Begin PBXProject section */
		AA25AAFC2BC6DE2600DD454A /* Project object */ = {
			isa = PBXProject;
			attributes = {
				BuildIndependentTargetsInParallel = 1;
				LastSwiftUpdateCheck = 1520;
				LastUpgradeCheck = 1520;
				TargetAttributes = {
					AA25AB032BC6DE2600DD454A = {
						CreatedOnToolsVersion = 15.2;
					};
					AA25AB192BC6DE2800DD454A = {
						CreatedOnToolsVersion = 15.2;
						TestTargetID = AA25AB032BC6DE2600DD454A;
					};
					AA25AB232BC6DE2800DD454A = {
						CreatedOnToolsVersion = 15.2;
						TestTargetID = AA25AB032BC6DE2600DD454A;
					};
				};
			};
			buildConfigurationList = AA25AAFF2BC6DE2600DD454A /* Build configuration list for PBXProject "Fake Store" */;
			compatibilityVersion = "Xcode 14.0";
			developmentRegion = en;
			hasScannedForEncodings = 0;
			knownRegions = (
				en,
				Base,
			);
			mainGroup = AA25AAFB2BC6DE2600DD454A;
			packageReferences = (
				AA25AB5B2BC73F5F00DD454A /* XCRemoteSwiftPackageReference "Kingfisher" */,
			);
			productRefGroup = AA25AB052BC6DE2600DD454A /* Products */;
			projectDirPath = "";
			projectRoot = "";
			targets = (
				AA25AB032BC6DE2600DD454A /* Fake Store */,
				AA25AB192BC6DE2800DD454A /* Fake StoreTests */,
				AA25AB232BC6DE2800DD454A /* Fake StoreUITests */,
			);
		};
/* End PBXProject section */

/* Begin PBXResourcesBuildPhase section */
		AA25AB022BC6DE2600DD454A /* Resources */ = {
			isa = PBXResourcesBuildPhase;
			buildActionMask = 2147483647;
			files = (
				AAD293522BC79A9E000090FE /* ImageTableViewCell.xib in Resources */,
				AA25AB142BC6DE2800DD454A /* LaunchScreen.storyboard in Resources */,
				AA25AB5A2BC73D9700DD454A /* ProductListTableViewCell.xib in Resources */,
				AA25AB112BC6DE2800DD454A /* Assets.xcassets in Resources */,
				AA25AB0F2BC6DE2600DD454A /* Main.storyboard in Resources */,
			);
			runOnlyForDeploymentPostprocessing = 0;
		};
		AA25AB182BC6DE2800DD454A /* Resources */ = {
			isa = PBXResourcesBuildPhase;
			buildActionMask = 2147483647;
			files = (
			);
			runOnlyForDeploymentPostprocessing = 0;
		};
		AA25AB222BC6DE2800DD454A /* Resources */ = {
			isa = PBXResourcesBuildPhase;
			buildActionMask = 2147483647;
			files = (
			);
			runOnlyForDeploymentPostprocessing = 0;
		};
/* End PBXResourcesBuildPhase section */

/* Begin PBXSourcesBuildPhase section */
		AA25AB002BC6DE2600DD454A /* Sources */ = {
			isa = PBXSourcesBuildPhase;
			buildActionMask = 2147483647;
			files = (
				AA25AB492BC723C800DD454A /* ProductListViewModel.swift in Sources */,
				AAADA4582BC7A65D004A2AE0 /* Constants.swift in Sources */,
				AA25AB592BC73D9700DD454A /* ProductListTableViewCell.swift in Sources */,
				AA25AB552BC7361200DD454A /* ProductListViewController.swift in Sources */,
				AA25AB442BC7158D00DD454A /* CustomError.swift in Sources */,
				AA25AB0C2BC6DE2600DD454A /* CategoryListViewController.swift in Sources */,
				AA25AB3D2BC710E500DD454A /* ProductService.swift in Sources */,
				AA25AB4E2BC72B6200DD454A /* ProductViewModel.swift in Sources */,
				AA25AB082BC6DE2600DD454A /* AppDelegate.swift in Sources */,
				AA25AB532BC7327F00DD454A /* String.swift in Sources */,
				AA25AB472BC71BB100DD454A /* CategoryListViewModel.swift in Sources */,
				AA25AB422BC7130100DD454A /* ProductModels.swift in Sources */,
				AA25AB402BC712B300DD454A /* Reachability.swift in Sources */,
				AAADA4562BC7A4F4004A2AE0 /* DetailProductTableViewController.swift in Sources */,
				AAADA45F2BC7C283004A2AE0 /* UIViewController.swift in Sources */,
				AAADA45B2BC7AAAB004A2AE0 /* BasicTableViewCell.swift in Sources */,
				AAD293512BC79A9E000090FE /* ImageTableViewCell.swift in Sources */,
				AAADA45D2BC7BBF4004A2AE0 /* UserDefault.swift in Sources */,
				AA25AB512BC72BF500DD454A /* Double.swift in Sources */,
				AA25AB0A2BC6DE2600DD454A /* SceneDelegate.swift in Sources */,
			);
			runOnlyForDeploymentPostprocessing = 0;
		};
		AA25AB162BC6DE2800DD454A /* Sources */ = {
			isa = PBXSourcesBuildPhase;
			buildActionMask = 2147483647;
			files = (
				AA25AB1F2BC6DE2800DD454A /* Fake_StoreTests.swift in Sources */,
			);
			runOnlyForDeploymentPostprocessing = 0;
		};
		AA25AB202BC6DE2800DD454A /* Sources */ = {
			isa = PBXSourcesBuildPhase;
			buildActionMask = 2147483647;
			files = (
				AA25AB292BC6DE2800DD454A /* Fake_StoreUITests.swift in Sources */,
				AA25AB2B2BC6DE2800DD454A /* Fake_StoreUITestsLaunchTests.swift in Sources */,
			);
			runOnlyForDeploymentPostprocessing = 0;
		};
/* End PBXSourcesBuildPhase section */

/* Begin PBXTargetDependency section */
		AA25AB1C2BC6DE2800DD454A /* PBXTargetDependency */ = {
			isa = PBXTargetDependency;
			target = AA25AB032BC6DE2600DD454A /* Fake Store */;
			targetProxy = AA25AB1B2BC6DE2800DD454A /* PBXContainerItemProxy */;
		};
		AA25AB262BC6DE2800DD454A /* PBXTargetDependency */ = {
			isa = PBXTargetDependency;
			target = AA25AB032BC6DE2600DD454A /* Fake Store */;
			targetProxy = AA25AB252BC6DE2800DD454A /* PBXContainerItemProxy */;
		};
/* End PBXTargetDependency section */

/* Begin PBXVariantGroup section */
		AA25AB0D2BC6DE2600DD454A /* Main.storyboard */ = {
			isa = PBXVariantGroup;
			children = (
				AA25AB0E2BC6DE2600DD454A /* Base */,
			);
			name = Main.storyboard;
			sourceTree = "<group>";
		};
		AA25AB122BC6DE2800DD454A /* LaunchScreen.storyboard */ = {
			isa = PBXVariantGroup;
			children = (
				AA25AB132BC6DE2800DD454A /* Base */,
			);
			name = LaunchScreen.storyboard;
			sourceTree = "<group>";
		};
/* End PBXVariantGroup section */

/* Begin XCBuildConfiguration section */
		AA25AB2C2BC6DE2800DD454A /* Debug */ = {
			isa = XCBuildConfiguration;
			buildSettings = {
				ALWAYS_SEARCH_USER_PATHS = NO;
				ASSETCATALOG_COMPILER_GENERATE_SWIFT_ASSET_SYMBOL_EXTENSIONS = YES;
				CLANG_ANALYZER_NONNULL = YES;
				CLANG_ANALYZER_NUMBER_OBJECT_CONVERSION = YES_AGGRESSIVE;
				CLANG_CXX_LANGUAGE_STANDARD = "gnu++20";
				CLANG_ENABLE_MODULES = YES;
				CLANG_ENABLE_OBJC_ARC = YES;
				CLANG_ENABLE_OBJC_WEAK = YES;
				CLANG_WARN_BLOCK_CAPTURE_AUTORELEASING = YES;
				CLANG_WARN_BOOL_CONVERSION = YES;
				CLANG_WARN_COMMA = YES;
				CLANG_WARN_CONSTANT_CONVERSION = YES;
				CLANG_WARN_DEPRECATED_OBJC_IMPLEMENTATIONS = YES;
				CLANG_WARN_DIRECT_OBJC_ISA_USAGE = YES_ERROR;
				CLANG_WARN_DOCUMENTATION_COMMENTS = YES;
				CLANG_WARN_EMPTY_BODY = YES;
				CLANG_WARN_ENUM_CONVERSION = YES;
				CLANG_WARN_INFINITE_RECURSION = YES;
				CLANG_WARN_INT_CONVERSION = YES;
				CLANG_WARN_NON_LITERAL_NULL_CONVERSION = YES;
				CLANG_WARN_OBJC_IMPLICIT_RETAIN_SELF = YES;
				CLANG_WARN_OBJC_LITERAL_CONVERSION = YES;
				CLANG_WARN_OBJC_ROOT_CLASS = YES_ERROR;
				CLANG_WARN_QUOTED_INCLUDE_IN_FRAMEWORK_HEADER = YES;
				CLANG_WARN_RANGE_LOOP_ANALYSIS = YES;
				CLANG_WARN_STRICT_PROTOTYPES = YES;
				CLANG_WARN_SUSPICIOUS_MOVE = YES;
				CLANG_WARN_UNGUARDED_AVAILABILITY = YES_AGGRESSIVE;
				CLANG_WARN_UNREACHABLE_CODE = YES;
				CLANG_WARN__DUPLICATE_METHOD_MATCH = YES;
				COPY_PHASE_STRIP = NO;
				DEBUG_INFORMATION_FORMAT = dwarf;
				ENABLE_STRICT_OBJC_MSGSEND = YES;
				ENABLE_TESTABILITY = YES;
				ENABLE_USER_SCRIPT_SANDBOXING = YES;
				GCC_C_LANGUAGE_STANDARD = gnu17;
				GCC_DYNAMIC_NO_PIC = NO;
				GCC_NO_COMMON_BLOCKS = YES;
				GCC_OPTIMIZATION_LEVEL = 0;
				GCC_PREPROCESSOR_DEFINITIONS = (
					"DEBUG=1",
					"$(inherited)",
				);
				GCC_WARN_64_TO_32_BIT_CONVERSION = YES;
				GCC_WARN_ABOUT_RETURN_TYPE = YES_ERROR;
				GCC_WARN_UNDECLARED_SELECTOR = YES;
				GCC_WARN_UNINITIALIZED_AUTOS = YES_AGGRESSIVE;
				GCC_WARN_UNUSED_FUNCTION = YES;
				GCC_WARN_UNUSED_VARIABLE = YES;
				IPHONEOS_DEPLOYMENT_TARGET = 17.2;
				LOCALIZATION_PREFERS_STRING_CATALOGS = YES;
				MTL_ENABLE_DEBUG_INFO = INCLUDE_SOURCE;
				MTL_FAST_MATH = YES;
				ONLY_ACTIVE_ARCH = YES;
				SDKROOT = iphoneos;
				SWIFT_ACTIVE_COMPILATION_CONDITIONS = "DEBUG $(inherited)";
				SWIFT_OPTIMIZATION_LEVEL = "-Onone";
			};
			name = Debug;
		};
		AA25AB2D2BC6DE2800DD454A /* Release */ = {
			isa = XCBuildConfiguration;
			buildSettings = {
				ALWAYS_SEARCH_USER_PATHS = NO;
				ASSETCATALOG_COMPILER_GENERATE_SWIFT_ASSET_SYMBOL_EXTENSIONS = YES;
				CLANG_ANALYZER_NONNULL = YES;
				CLANG_ANALYZER_NUMBER_OBJECT_CONVERSION = YES_AGGRESSIVE;
				CLANG_CXX_LANGUAGE_STANDARD = "gnu++20";
				CLANG_ENABLE_MODULES = YES;
				CLANG_ENABLE_OBJC_ARC = YES;
				CLANG_ENABLE_OBJC_WEAK = YES;
				CLANG_WARN_BLOCK_CAPTURE_AUTORELEASING = YES;
				CLANG_WARN_BOOL_CONVERSION = YES;
				CLANG_WARN_COMMA = YES;
				CLANG_WARN_CONSTANT_CONVERSION = YES;
				CLANG_WARN_DEPRECATED_OBJC_IMPLEMENTATIONS = YES;
				CLANG_WARN_DIRECT_OBJC_ISA_USAGE = YES_ERROR;
				CLANG_WARN_DOCUMENTATION_COMMENTS = YES;
				CLANG_WARN_EMPTY_BODY = YES;
				CLANG_WARN_ENUM_CONVERSION = YES;
				CLANG_WARN_INFINITE_RECURSION = YES;
				CLANG_WARN_INT_CONVERSION = YES;
				CLANG_WARN_NON_LITERAL_NULL_CONVERSION = YES;
				CLANG_WARN_OBJC_IMPLICIT_RETAIN_SELF = YES;
				CLANG_WARN_OBJC_LITERAL_CONVERSION = YES;
				CLANG_WARN_OBJC_ROOT_CLASS = YES_ERROR;
				CLANG_WARN_QUOTED_INCLUDE_IN_FRAMEWORK_HEADER = YES;
				CLANG_WARN_RANGE_LOOP_ANALYSIS = YES;
				CLANG_WARN_STRICT_PROTOTYPES = YES;
				CLANG_WARN_SUSPICIOUS_MOVE = YES;
				CLANG_WARN_UNGUARDED_AVAILABILITY = YES_AGGRESSIVE;
				CLANG_WARN_UNREACHABLE_CODE = YES;
				CLANG_WARN__DUPLICATE_METHOD_MATCH = YES;
				COPY_PHASE_STRIP = NO;
				DEBUG_INFORMATION_FORMAT = "dwarf-with-dsym";
				ENABLE_NS_ASSERTIONS = NO;
				ENABLE_STRICT_OBJC_MSGSEND = YES;
				ENABLE_USER_SCRIPT_SANDBOXING = YES;
				GCC_C_LANGUAGE_STANDARD = gnu17;
				GCC_NO_COMMON_BLOCKS = YES;
				GCC_WARN_64_TO_32_BIT_CONVERSION = YES;
				GCC_WARN_ABOUT_RETURN_TYPE = YES_ERROR;
				GCC_WARN_UNDECLARED_SELECTOR = YES;
				GCC_WARN_UNINITIALIZED_AUTOS = YES_AGGRESSIVE;
				GCC_WARN_UNUSED_FUNCTION = YES;
				GCC_WARN_UNUSED_VARIABLE = YES;
				IPHONEOS_DEPLOYMENT_TARGET = 17.2;
				LOCALIZATION_PREFERS_STRING_CATALOGS = YES;
				MTL_ENABLE_DEBUG_INFO = NO;
				MTL_FAST_MATH = YES;
				SDKROOT = iphoneos;
				SWIFT_COMPILATION_MODE = wholemodule;
				VALIDATE_PRODUCT = YES;
			};
			name = Release;
		};
		AA25AB2F2BC6DE2800DD454A /* Debug */ = {
			isa = XCBuildConfiguration;
			buildSettings = {
				ASSETCATALOG_COMPILER_APPICON_NAME = AppIcon;
				ASSETCATALOG_COMPILER_GLOBAL_ACCENT_COLOR_NAME = AccentColor;
				CODE_SIGN_STYLE = Automatic;
				CURRENT_PROJECT_VERSION = 1;
				GENERATE_INFOPLIST_FILE = YES;
				INFOPLIST_FILE = "Fake Store/Info.plist";
				INFOPLIST_KEY_UIApplicationSupportsIndirectInputEvents = YES;
				INFOPLIST_KEY_UILaunchStoryboardName = LaunchScreen;
				INFOPLIST_KEY_UIMainStoryboardFile = Main;
				INFOPLIST_KEY_UISupportedInterfaceOrientations = UIInterfaceOrientationPortrait;
				LD_RUNPATH_SEARCH_PATHS = (
					"$(inherited)",
					"@executable_path/Frameworks",
				);
				MARKETING_VERSION = 1.0;
				PRODUCT_BUNDLE_IDENTIFIER = "com.javs.pica.Fake-Store";
				PRODUCT_NAME = "$(TARGET_NAME)";
				SWIFT_EMIT_LOC_STRINGS = YES;
				SWIFT_VERSION = 5.0;
				TARGETED_DEVICE_FAMILY = "1,2";
			};
			name = Debug;
		};
		AA25AB302BC6DE2800DD454A /* Release */ = {
			isa = XCBuildConfiguration;
			buildSettings = {
				ASSETCATALOG_COMPILER_APPICON_NAME = AppIcon;
				ASSETCATALOG_COMPILER_GLOBAL_ACCENT_COLOR_NAME = AccentColor;
				CODE_SIGN_STYLE = Automatic;
				CURRENT_PROJECT_VERSION = 1;
				GENERATE_INFOPLIST_FILE = YES;
				INFOPLIST_FILE = "Fake Store/Info.plist";
				INFOPLIST_KEY_UIApplicationSupportsIndirectInputEvents = YES;
				INFOPLIST_KEY_UILaunchStoryboardName = LaunchScreen;
				INFOPLIST_KEY_UIMainStoryboardFile = Main;
				INFOPLIST_KEY_UISupportedInterfaceOrientations = UIInterfaceOrientationPortrait;
				LD_RUNPATH_SEARCH_PATHS = (
					"$(inherited)",
					"@executable_path/Frameworks",
				);
				MARKETING_VERSION = 1.0;
				PRODUCT_BUNDLE_IDENTIFIER = "com.javs.pica.Fake-Store";
				PRODUCT_NAME = "$(TARGET_NAME)";
				SWIFT_EMIT_LOC_STRINGS = YES;
				SWIFT_VERSION = 5.0;
				TARGETED_DEVICE_FAMILY = "1,2";
			};
			name = Release;
		};
		AA25AB322BC6DE2800DD454A /* Debug */ = {
			isa = XCBuildConfiguration;
			buildSettings = {
				ALWAYS_EMBED_SWIFT_STANDARD_LIBRARIES = YES;
				BUNDLE_LOADER = "$(TEST_HOST)";
				CODE_SIGN_STYLE = Automatic;
				CURRENT_PROJECT_VERSION = 1;
				GENERATE_INFOPLIST_FILE = YES;
				IPHONEOS_DEPLOYMENT_TARGET = 17.2;
				MARKETING_VERSION = 1.0;
				PRODUCT_BUNDLE_IDENTIFIER = "com.javs.pica.Fake-StoreTests";
				PRODUCT_NAME = "$(TARGET_NAME)";
				SWIFT_EMIT_LOC_STRINGS = NO;
				SWIFT_VERSION = 5.0;
				TARGETED_DEVICE_FAMILY = "1,2";
				TEST_HOST = "$(BUILT_PRODUCTS_DIR)/Fake Store.app/$(BUNDLE_EXECUTABLE_FOLDER_PATH)/Fake Store";
			};
			name = Debug;
		};
		AA25AB332BC6DE2800DD454A /* Release */ = {
			isa = XCBuildConfiguration;
			buildSettings = {
				ALWAYS_EMBED_SWIFT_STANDARD_LIBRARIES = YES;
				BUNDLE_LOADER = "$(TEST_HOST)";
				CODE_SIGN_STYLE = Automatic;
				CURRENT_PROJECT_VERSION = 1;
				GENERATE_INFOPLIST_FILE = YES;
				IPHONEOS_DEPLOYMENT_TARGET = 17.2;
				MARKETING_VERSION = 1.0;
				PRODUCT_BUNDLE_IDENTIFIER = "com.javs.pica.Fake-StoreTests";
				PRODUCT_NAME = "$(TARGET_NAME)";
				SWIFT_EMIT_LOC_STRINGS = NO;
				SWIFT_VERSION = 5.0;
				TARGETED_DEVICE_FAMILY = "1,2";
				TEST_HOST = "$(BUILT_PRODUCTS_DIR)/Fake Store.app/$(BUNDLE_EXECUTABLE_FOLDER_PATH)/Fake Store";
			};
			name = Release;
		};
		AA25AB352BC6DE2800DD454A /* Debug */ = {
			isa = XCBuildConfiguration;
			buildSettings = {
				ALWAYS_EMBED_SWIFT_STANDARD_LIBRARIES = YES;
				CODE_SIGN_STYLE = Automatic;
				CURRENT_PROJECT_VERSION = 1;
				GENERATE_INFOPLIST_FILE = YES;
				MARKETING_VERSION = 1.0;
				PRODUCT_BUNDLE_IDENTIFIER = "com.javs.pica.Fake-StoreUITests";
				PRODUCT_NAME = "$(TARGET_NAME)";
				SWIFT_EMIT_LOC_STRINGS = NO;
				SWIFT_VERSION = 5.0;
				TARGETED_DEVICE_FAMILY = "1,2";
				TEST_TARGET_NAME = "Fake Store";
			};
			name = Debug;
		};
		AA25AB362BC6DE2800DD454A /* Release */ = {
			isa = XCBuildConfiguration;
			buildSettings = {
				ALWAYS_EMBED_SWIFT_STANDARD_LIBRARIES = YES;
				CODE_SIGN_STYLE = Automatic;
				CURRENT_PROJECT_VERSION = 1;
				GENERATE_INFOPLIST_FILE = YES;
				MARKETING_VERSION = 1.0;
				PRODUCT_BUNDLE_IDENTIFIER = "com.javs.pica.Fake-StoreUITests";
				PRODUCT_NAME = "$(TARGET_NAME)";
				SWIFT_EMIT_LOC_STRINGS = NO;
				SWIFT_VERSION = 5.0;
				TARGETED_DEVICE_FAMILY = "1,2";
				TEST_TARGET_NAME = "Fake Store";
			};
			name = Release;
		};
/* End XCBuildConfiguration section */

/* Begin XCConfigurationList section */
		AA25AAFF2BC6DE2600DD454A /* Build configuration list for PBXProject "Fake Store" */ = {
			isa = XCConfigurationList;
			buildConfigurations = (
				AA25AB2C2BC6DE2800DD454A /* Debug */,
				AA25AB2D2BC6DE2800DD454A /* Release */,
			);
			defaultConfigurationIsVisible = 0;
			defaultConfigurationName = Release;
		};
		AA25AB2E2BC6DE2800DD454A /* Build configuration list for PBXNativeTarget "Fake Store" */ = {
			isa = XCConfigurationList;
			buildConfigurations = (
				AA25AB2F2BC6DE2800DD454A /* Debug */,
				AA25AB302BC6DE2800DD454A /* Release */,
			);
			defaultConfigurationIsVisible = 0;
			defaultConfigurationName = Release;
		};
		AA25AB312BC6DE2800DD454A /* Build configuration list for PBXNativeTarget "Fake StoreTests" */ = {
			isa = XCConfigurationList;
			buildConfigurations = (
				AA25AB322BC6DE2800DD454A /* Debug */,
				AA25AB332BC6DE2800DD454A /* Release */,
			);
			defaultConfigurationIsVisible = 0;
			defaultConfigurationName = Release;
		};
		AA25AB342BC6DE2800DD454A /* Build configuration list for PBXNativeTarget "Fake StoreUITests" */ = {
			isa = XCConfigurationList;
			buildConfigurations = (
				AA25AB352BC6DE2800DD454A /* Debug */,
				AA25AB362BC6DE2800DD454A /* Release */,
			);
			defaultConfigurationIsVisible = 0;
			defaultConfigurationName = Release;
		};
/* End XCConfigurationList section */

/* Begin XCRemoteSwiftPackageReference section */
		AA25AB5B2BC73F5F00DD454A /* XCRemoteSwiftPackageReference "Kingfisher" */ = {
			isa = XCRemoteSwiftPackageReference;
			repositoryURL = "https://github.com/onevcat/Kingfisher.git";
			requirement = {
				kind = upToNextMajorVersion;
				minimumVersion = 7.11.0;
			};
		};
/* End XCRemoteSwiftPackageReference section */

/* Begin XCSwiftPackageProductDependency section */
		AA25AB5C2BC73F5F00DD454A /* Kingfisher */ = {
			isa = XCSwiftPackageProductDependency;
			package = AA25AB5B2BC73F5F00DD454A /* XCRemoteSwiftPackageReference "Kingfisher" */;
			productName = Kingfisher;
		};
/* End XCSwiftPackageProductDependency section */
	};
	rootObject = AA25AAFC2BC6DE2600DD454A /* Project object */;
}
